
Microsoft Visual Studio Solution File, Format Version 12.00
# Visual Studio Version 17
VisualStudioVersion = 17.14.36310.24
MinimumVisualStudioVersion = 10.0.40219.1
Project("{FAE04EC0-301F-11D3-BF4B-00C04F79EFBC}") = "WebApplication3", "WebApplication3\WebApplication3.csproj", "{BCD89003-4F38-443C-BB5D-BD0820ADD1BF}"
EndProject
Project("{2150E333-8FDC-42A3-9474-1A3956D46DE8}") = "images", "images", "{02EA681E-C7D8-13C7-8484-4AC65E1B71E8}"
	ProjectSection(SolutionItems) = preProject
		D:\d.png = D:\d.png
	EndProjectSection
EndProject
Global
	GlobalSection(SolutionConfigurationPlatforms) = preSolution
		Debug|Any CPU = Debug|Any CPU
		Release|Any CPU = Release|Any CPU
	EndGlobalSection
	GlobalSection(ProjectConfigurationPlatforms) = postSolution
		{BCD89003-4F38-443C-BB5D-BD0820ADD1BF}.Debug|Any CPU.ActiveCfg = Debug|Any CPU
		{BCD89003-4F38-443C-BB5D-BD0820ADD1BF}.Debug|Any CPU.Build.0 = Debug|Any CPU
		{BCD89003-4F38-443C-BB5D-BD0820ADD1BF}.Release|Any CPU.ActiveCfg = Release|Any CPU
		{BCD89003-4F38-443C-BB5D-BD0820ADD1BF}.Release|Any CPU.Build.0 = Release|Any CPU
	EndGlobalSection
	GlobalSection(SolutionProperties) = preSolution
		HideSolutionNode = FALSE
	EndGlobalSection
	GlobalSection(ExtensibilityGlobals) = postSolution
		SolutionGuid = {D9480E3F-4317-4A4C-ADAE-35EC82924E0B}
	EndGlobalSection
EndGlobal
